// !$*UTF8*$!
{
	archiveVersion = 1;
	classes = {
	};
	objectVersion = 50;
	objects = {

/* Begin PBXBuildFile section */
		18D47D6620D9E1A50050E197 /* AppDelegate.swift in Sources */ = {isa = PBXBuildFile; fileRef = 18D47D6520D9E1A50050E197 /* AppDelegate.swift */; };
		18D47D6B20D9E1A50050E197 /* Main.storyboard in Resources */ = {isa = PBXBuildFile; fileRef = 18D47D6920D9E1A50050E197 /* Main.storyboard */; };
		18D47D6D20D9E1A70050E197 /* Assets.xcassets in Resources */ = {isa = PBXBuildFile; fileRef = 18D47D6C20D9E1A70050E197 /* Assets.xcassets */; };
		18D47D7020D9E1A70050E197 /* LaunchScreen.storyboard in Resources */ = {isa = PBXBuildFile; fileRef = 18D47D6E20D9E1A70050E197 /* LaunchScreen.storyboard */; };
		18D47D8120D9E3B30050E197 /* MovieListController.swift in Sources */ = {isa = PBXBuildFile; fileRef = 18D47D8020D9E3B30050E197 /* MovieListController.swift */; };
		18D47D8520DA2CDC0050E197 /* MovieViewModel.swift in Sources */ = {isa = PBXBuildFile; fileRef = 18D47D8420DA2CDC0050E197 /* MovieViewModel.swift */; };
		18D47D8B20DBF2960050E197 /* Movie.swift in Sources */ = {isa = PBXBuildFile; fileRef = 18D47D8A20DBF2960050E197 /* Movie.swift */; };
		18D47D8E20DBF5630050E197 /* MovieListCell.swift in Sources */ = {isa = PBXBuildFile; fileRef = 18D47D8C20DBF5630050E197 /* MovieListCell.swift */; };
		18D47D8F20DBF5630050E197 /* MovieListCell.xib in Resources */ = {isa = PBXBuildFile; fileRef = 18D47D8D20DBF5630050E197 /* MovieListCell.xib */; };
		18D47D9220DBFA4E0050E197 /* NewMovieController.swift in Sources */ = {isa = PBXBuildFile; fileRef = 18D47D9020DBFA4E0050E197 /* NewMovieController.swift */; };
		18D47D9320DBFA4E0050E197 /* NewMovieController.xib in Resources */ = {isa = PBXBuildFile; fileRef = 18D47D9120DBFA4E0050E197 /* NewMovieController.xib */; };
/* End PBXBuildFile section */

/* Begin PBXFileReference section */
		18D47D6220D9E1A50050E197 /* Movie.app */ = {isa = PBXFileReference; explicitFileType = wrapper.application; includeInIndex = 0; path = Movie.app; sourceTree = BUILT_PRODUCTS_DIR; };
		18D47D6520D9E1A50050E197 /* AppDelegate.swift */ = {isa = PBXFileReference; lastKnownFileType = sourcecode.swift; path = AppDelegate.swift; sourceTree = "<group>"; };
		18D47D6A20D9E1A50050E197 /* Base */ = {isa = PBXFileReference; lastKnownFileType = file.storyboard; name = Base; path = Base.lproj/Main.storyboard; sourceTree = "<group>"; };
		18D47D6C20D9E1A70050E197 /* Assets.xcassets */ = {isa = PBXFileReference; lastKnownFileType = folder.assetcatalog; path = Assets.xcassets; sourceTree = "<group>"; };
		18D47D6F20D9E1A70050E197 /* Base */ = {isa = PBXFileReference; lastKnownFileType = file.storyboard; name = Base; path = Base.lproj/LaunchScreen.storyboard; sourceTree = "<group>"; };
		18D47D7120D9E1A70050E197 /* Info.plist */ = {isa = PBXFileReference; lastKnownFileType = text.plist.xml; path = Info.plist; sourceTree = "<group>"; };
		18D47D8020D9E3B30050E197 /* MovieListController.swift */ = {isa = PBXFileReference; lastKnownFileType = sourcecode.swift; path = MovieListController.swift; sourceTree = "<group>"; };
		18D47D8420DA2CDC0050E197 /* MovieViewModel.swift */ = {isa = PBXFileReference; lastKnownFileType = sourcecode.swift; path = MovieViewModel.swift; sourceTree = "<group>"; };
		18D47D8A20DBF2960050E197 /* Movie.swift */ = {isa = PBXFileReference; lastKnownFileType = sourcecode.swift; path = Movie.swift; sourceTree = "<group>"; };
		18D47D8C20DBF5630050E197 /* MovieListCell.swift */ = {isa = PBXFileReference; lastKnownFileType = sourcecode.swift; path = MovieListCell.swift; sourceTree = "<group>"; };
		18D47D8D20DBF5630050E197 /* MovieListCell.xib */ = {isa = PBXFileReference; lastKnownFileType = file.xib; path = MovieListCell.xib; sourceTree = "<group>"; };
		18D47D9020DBFA4E0050E197 /* NewMovieController.swift */ = {isa = PBXFileReference; lastKnownFileType = sourcecode.swift; path = NewMovieController.swift; sourceTree = "<group>"; };
		18D47D9120DBFA4E0050E197 /* NewMovieController.xib */ = {isa = PBXFileReference; lastKnownFileType = file.xib; path = NewMovieController.xib; sourceTree = "<group>"; };
/* End PBXFileReference section */

/* Begin PBXFrameworksBuildPhase section */
		18D47D5F20D9E1A50050E197 /* Frameworks */ = {
			isa = PBXFrameworksBuildPhase;
			buildActionMask = 2147483647;
			files = (
			);
			runOnlyForDeploymentPostprocessing = 0;
		};
/* End PBXFrameworksBuildPhase section */

/* Begin PBXGroup section */
		18D47D5920D9E1A50050E197 = {
			isa = PBXGroup;
			children = (
				18D47D6420D9E1A50050E197 /* Movie */,
				18D47D6320D9E1A50050E197 /* Products */,
			);
			sourceTree = "<group>";
		};
		18D47D6320D9E1A50050E197 /* Products */ = {
			isa = PBXGroup;
			children = (
				18D47D6220D9E1A50050E197 /* Movie.app */,
			);
			name = Products;
			sourceTree = "<group>";
		};
		18D47D6420D9E1A50050E197 /* Movie */ = {
			isa = PBXGroup;
			children = (
				18D47D7A20D9E1BB0050E197 /* Base */,
				18D47D7920D9E1B80050E197 /* Lib */,
				18D47D7820D9E1B50050E197 /* Project */,
				18D47D6920D9E1A50050E197 /* Main.storyboard */,
				18D47D6C20D9E1A70050E197 /* Assets.xcassets */,
				18D47D6E20D9E1A70050E197 /* LaunchScreen.storyboard */,
				18D47D7120D9E1A70050E197 /* Info.plist */,
			);
			path = Movie;
			sourceTree = "<group>";
		};
		18D47D7820D9E1B50050E197 /* Project */ = {
			isa = PBXGroup;
			children = (
				18D47D7F20D9E35F0050E197 /* Controller */,
				18D47D7D20D9E27E0050E197 /* Model */,
				18D47D7C20D9E2770050E197 /* View */,
				18D47D7E20D9E2890050E197 /* ViewModel */,
			);
			path = Project;
			sourceTree = "<group>";
		};
		18D47D7920D9E1B80050E197 /* Lib */ = {
			isa = PBXGroup;
			children = (
			);
			path = Lib;
			sourceTree = "<group>";
		};
		18D47D7A20D9E1BB0050E197 /* Base */ = {
			isa = PBXGroup;
			children = (
				18D47D6520D9E1A50050E197 /* AppDelegate.swift */,
			);
			path = Base;
			sourceTree = "<group>";
		};
		18D47D7C20D9E2770050E197 /* View */ = {
			isa = PBXGroup;
			children = (
				18D47D8C20DBF5630050E197 /* MovieListCell.swift */,
				18D47D8D20DBF5630050E197 /* MovieListCell.xib */,
			);
			path = View;
			sourceTree = "<group>";
		};
		18D47D7D20D9E27E0050E197 /* Model */ = {
			isa = PBXGroup;
			children = (
				18D47D8A20DBF2960050E197 /* Movie.swift */,
			);
			path = Model;
			sourceTree = "<group>";
		};
		18D47D7E20D9E2890050E197 /* ViewModel */ = {
			isa = PBXGroup;
			children = (
				18D47D8420DA2CDC0050E197 /* MovieViewModel.swift */,
			);
			path = ViewModel;
			sourceTree = "<group>";
		};
		18D47D7F20D9E35F0050E197 /* Controller */ = {
			isa = PBXGroup;
			children = (
				18D47D8020D9E3B30050E197 /* MovieListController.swift */,
				18D47D9020DBFA4E0050E197 /* NewMovieController.swift */,
				18D47D9120DBFA4E0050E197 /* NewMovieController.xib */,
			);
			path = Controller;
			sourceTree = "<group>";
		};
/* End PBXGroup section */

/* Begin PBXNativeTarget section */
		18D47D6120D9E1A50050E197 /* Movie */ = {
			isa = PBXNativeTarget;
			buildConfigurationList = 18D47D7420D9E1A70050E197 /* Build configuration list for PBXNativeTarget "Movie" */;
			buildPhases = (
				18D47D5E20D9E1A50050E197 /* Sources */,
				18D47D5F20D9E1A50050E197 /* Frameworks */,
				18D47D6020D9E1A50050E197 /* Resources */,
			);
			buildRules = (
			);
			dependencies = (
			);
			name = Movie;
			productName = Today;
			productReference = 18D47D6220D9E1A50050E197 /* Movie.app */;
			productType = "com.apple.product-type.application";
		};
/* End PBXNativeTarget section */

/* Begin PBXProject section */
		18D47D5A20D9E1A50050E197 /* Project object */ = {
			isa = PBXProject;
			attributes = {
				LastSwiftUpdateCheck = 0940;
				LastUpgradeCheck = 0940;
				ORGANIZATIONNAME = Apple;
				TargetAttributes = {
					18D47D6120D9E1A50050E197 = {
						CreatedOnToolsVersion = 9.4.1;
					};
				};
			};
			buildConfigurationList = 18D47D5D20D9E1A50050E197 /* Build configuration list for PBXProject "Movie" */;
			compatibilityVersion = "Xcode 9.3";
			developmentRegion = en;
			hasScannedForEncodings = 0;
			knownRegions = (
				en,
				Base,
			);
			mainGroup = 18D47D5920D9E1A50050E197;
			productRefGroup = 18D47D6320D9E1A50050E197 /* Products */;
			projectDirPath = "";
			projectRoot = "";
			targets = (
				18D47D6120D9E1A50050E197 /* Movie */,
			);
		};
/* End PBXProject section */

/* Begin PBXResourcesBuildPhase section */
		18D47D6020D9E1A50050E197 /* Resources */ = {
			isa = PBXResourcesBuildPhase;
			buildActionMask = 2147483647;
			files = (
				18D47D7020D9E1A70050E197 /* LaunchScreen.storyboard in Resources */,
				18D47D6D20D9E1A70050E197 /* Assets.xcassets in Resources */,
				18D47D8F20DBF5630050E197 /* MovieListCell.xib in Resources */,
				18D47D9320DBFA4E0050E197 /* NewMovieController.xib in Resources */,
				18D47D6B20D9E1A50050E197 /* Main.storyboard in Resources */,
			);
			runOnlyForDeploymentPostprocessing = 0;
		};
/* End PBXResourcesBuildPhase section */

/* Begin PBXSourcesBuildPhase section */
		18D47D5E20D9E1A50050E197 /* Sources */ = {
			isa = PBXSourcesBuildPhase;
			buildActionMask = 2147483647;
			files = (
				18D47D6620D9E1A50050E197 /* AppDelegate.swift in Sources */,
				18D47D8B20DBF2960050E197 /* Movie.swift in Sources */,
				18D47D8E20DBF5630050E197 /* MovieListCell.swift in Sources */,
				18D47D9220DBFA4E0050E197 /* NewMovieController.swift in Sources */,
				18D47D8120D9E3B30050E197 /* MovieListController.swift in Sources */,
				18D47D8520DA2CDC0050E197 /* MovieViewModel.swift in Sources */,
			);
			runOnlyForDeploymentPostprocessing = 0;
		};
/* End PBXSourcesBuildPhase section */

/* Begin PBXVariantGroup section */
		18D47D6920D9E1A50050E197 /* Main.storyboard */ = {
			isa = PBXVariantGroup;
			children = (
				18D47D6A20D9E1A50050E197 /* Base */,
			);
			name = Main.storyboard;
			sourceTree = "<group>";
		};
		18D47D6E20D9E1A70050E197 /* LaunchScreen.storyboard */ = {
			isa = PBXVariantGroup;
			children = (
				18D47D6F20D9E1A70050E197 /* Base */,
			);
			name = LaunchScreen.storyboard;
			sourceTree = "<group>";
		};
/* End PBXVariantGroup section */

/* Begin XCBuildConfiguration section */
		18D47D7220D9E1A70050E197 /* Debug */ = {
			isa = XCBuildConfiguration;
			buildSettings = {
				ALWAYS_SEARCH_USER_PATHS = NO;
				CLANG_ANALYZER_NONNULL = YES;
				CLANG_ANALYZER_NUMBER_OBJECT_CONVERSION = YES_AGGRESSIVE;
				CLANG_CXX_LANGUAGE_STANDARD = "gnu++14";
				CLANG_CXX_LIBRARY = "libc++";
				CLANG_ENABLE_MODULES = YES;
				CLANG_ENABLE_OBJC_ARC = YES;
				CLANG_ENABLE_OBJC_WEAK = YES;
				CLANG_WARN_BLOCK_CAPTURE_AUTORELEASING = YES;
				CLANG_WARN_BOOL_CONVERSION = YES;
				CLANG_WARN_COMMA = YES;
				CLANG_WARN_CONSTANT_CONVERSION = YES;
				CLANG_WARN_DEPRECATED_OBJC_IMPLEMENTATIONS = YES;
				CLANG_WARN_DIRECT_OBJC_ISA_USAGE = YES_ERROR;
				CLANG_WARN_DOCUMENTATION_COMMENTS = YES;
				CLANG_WARN_EMPTY_BODY = YES;
				CLANG_WARN_ENUM_CONVERSION = YES;
				CLANG_WARN_INFINITE_RECURSION = YES;
				CLANG_WARN_INT_CONVERSION = YES;
				CLANG_WARN_NON_LITERAL_NULL_CONVERSION = YES;
				CLANG_WARN_OBJC_IMPLICIT_RETAIN_SELF = YES;
				CLANG_WARN_OBJC_LITERAL_CONVERSION = YES;
				CLANG_WARN_OBJC_ROOT_CLASS = YES_ERROR;
				CLANG_WARN_RANGE_LOOP_ANALYSIS = YES;
				CLANG_WARN_STRICT_PROTOTYPES = YES;
				CLANG_WARN_SUSPICIOUS_MOVE = YES;
				CLANG_WARN_UNGUARDED_AVAILABILITY = YES_AGGRESSIVE;
				CLANG_WARN_UNREACHABLE_CODE = YES;
				CLANG_WARN__DUPLICATE_METHOD_MATCH = YES;
				CODE_SIGN_IDENTITY = "iPhone Developer";
				COPY_PHASE_STRIP = NO;
				DEBUG_INFORMATION_FORMAT = dwarf;
				ENABLE_STRICT_OBJC_MSGSEND = YES;
				ENABLE_TESTABILITY = YES;
				GCC_C_LANGUAGE_STANDARD = gnu11;
				GCC_DYNAMIC_NO_PIC = NO;
				GCC_NO_COMMON_BLOCKS = YES;
				GCC_OPTIMIZATION_LEVEL = 0;
				GCC_PREPROCESSOR_DEFINITIONS = (
					"DEBUG=1",
					"$(inherited)",
				);
				GCC_WARN_64_TO_32_BIT_CONVERSION = YES;
				GCC_WARN_ABOUT_RETURN_TYPE = YES_ERROR;
				GCC_WARN_UNDECLARED_SELECTOR = YES;
				GCC_WARN_UNINITIALIZED_AUTOS = YES_AGGRESSIVE;
				GCC_WARN_UNUSED_FUNCTION = YES;
				GCC_WARN_UNUSED_VARIABLE = YES;
				IPHONEOS_DEPLOYMENT_TARGET = 11.4;
				MTL_ENABLE_DEBUG_INFO = YES;
				ONLY_ACTIVE_ARCH = YES;
				SDKROOT = iphoneos;
				SWIFT_ACTIVE_COMPILATION_CONDITIONS = DEBUG;
				SWIFT_OPTIMIZATION_LEVEL = "-Onone";
			};
			name = Debug;
		};
		18D47D7320D9E1A70050E197 /* Release */ = {
			isa = XCBuildConfiguration;
			buildSettings = {
				ALWAYS_SEARCH_USER_PATHS = NO;
				CLANG_ANALYZER_NONNULL = YES;
				CLANG_ANALYZER_NUMBER_OBJECT_CONVERSION = YES_AGGRESSIVE;
				CLANG_CXX_LANGUAGE_STANDARD = "gnu++14";
				CLANG_CXX_LIBRARY = "libc++";
				CLANG_ENABLE_MODULES = YES;
				CLANG_ENABLE_OBJC_ARC = YES;
				CLANG_ENABLE_OBJC_WEAK = YES;
				CLANG_WARN_BLOCK_CAPTURE_AUTORELEASING = YES;
				CLANG_WARN_BOOL_CONVERSION = YES;
				CLANG_WARN_COMMA = YES;
				CLANG_WARN_CONSTANT_CONVERSION = YES;
				CLANG_WARN_DEPRECATED_OBJC_IMPLEMENTATIONS = YES;
				CLANG_WARN_DIRECT_OBJC_ISA_USAGE = YES_ERROR;
				CLANG_WARN_DOCUMENTATION_COMMENTS = YES;
				CLANG_WARN_EMPTY_BODY = YES;
				CLANG_WARN_ENUM_CONVERSION = YES;
				CLANG_WARN_INFINITE_RECURSION = YES;
				CLANG_WARN_INT_CONVERSION = YES;
				CLANG_WARN_NON_LITERAL_NULL_CONVERSION = YES;
				CLANG_WARN_OBJC_IMPLICIT_RETAIN_SELF = YES;
				CLANG_WARN_OBJC_LITERAL_CONVERSION = YES;
				CLANG_WARN_OBJC_ROOT_CLASS = YES_ERROR;
				CLANG_WARN_RANGE_LOOP_ANALYSIS = YES;
				CLANG_WARN_STRICT_PROTOTYPES = YES;
				CLANG_WARN_SUSPICIOUS_MOVE = YES;
				CLANG_WARN_UNGUARDED_AVAILABILITY = YES_AGGRESSIVE;
				CLANG_WARN_UNREACHABLE_CODE = YES;
				CLANG_WARN__DUPLICATE_METHOD_MATCH = YES;
				CODE_SIGN_IDENTITY = "iPhone Developer";
				COPY_PHASE_STRIP = NO;
				DEBUG_INFORMATION_FORMAT = "dwarf-with-dsym";
				ENABLE_NS_ASSERTIONS = NO;
				ENABLE_STRICT_OBJC_MSGSEND = YES;
				GCC_C_LANGUAGE_STANDARD = gnu11;
				GCC_NO_COMMON_BLOCKS = YES;
				GCC_WARN_64_TO_32_BIT_CONVERSION = YES;
				GCC_WARN_ABOUT_RETURN_TYPE = YES_ERROR;
				GCC_WARN_UNDECLARED_SELECTOR = YES;
				GCC_WARN_UNINITIALIZED_AUTOS = YES_AGGRESSIVE;
				GCC_WARN_UNUSED_FUNCTION = YES;
				GCC_WARN_UNUSED_VARIABLE = YES;
				IPHONEOS_DEPLOYMENT_TARGET = 11.4;
				MTL_ENABLE_DEBUG_INFO = NO;
				SDKROOT = iphoneos;
				SWIFT_COMPILATION_MODE = wholemodule;
				SWIFT_OPTIMIZATION_LEVEL = "-O";
				VALIDATE_PRODUCT = YES;
			};
			name = Release;
		};
		18D47D7520D9E1A70050E197 /* Debug */ = {
			isa = XCBuildConfiguration;
			buildSettings = {
				ASSETCATALOG_COMPILER_APPICON_NAME = AppIcon;
				CODE_SIGN_STYLE = Automatic;
				DEVELOPMENT_TEAM = VZ6YQ74JTZ;
				INFOPLIST_FILE = "$(SRCROOT)/Movie/Info.plist";
				LD_RUNPATH_SEARCH_PATHS = (
					"$(inherited)",
					"@executable_path/Frameworks",
				);
				PRODUCT_BUNDLE_IDENTIFIER = Apple.Movie;
				PRODUCT_NAME = "$(TARGET_NAME)";
				SWIFT_VERSION = 4.0;
				TARGETED_DEVICE_FAMILY = "1,2";
			};
			name = Debug;
		};
		18D47D7620D9E1A70050E197 /* Release */ = {
			isa = XCBuildConfiguration;
			buildSettings = {
				ASSETCATALOG_COMPILER_APPICON_NAME = AppIcon;
				CODE_SIGN_STYLE = Automatic;
				DEVELOPMENT_TEAM = VZ6YQ74JTZ;
				INFOPLIST_FILE = "$(SRCROOT)/Movie/Info.plist";
				LD_RUNPATH_SEARCH_PATHS = (
					"$(inherited)",
					"@executable_path/Frameworks",
				);
				PRODUCT_BUNDLE_IDENTIFIER = Apple.Movie;
				PRODUCT_NAME = "$(TARGET_NAME)";
				SWIFT_VERSION = 4.0;
				TARGETED_DEVICE_FAMILY = "1,2";
			};
			name = Release;
		};
/* End XCBuildConfiguration section */

/* Begin XCConfigurationList section */
		18D47D5D20D9E1A50050E197 /* Build configuration list for PBXProject "Movie" */ = {
			isa = XCConfigurationList;
			buildConfigurations = (
				18D47D7220D9E1A70050E197 /* Debug */,
				18D47D7320D9E1A70050E197 /* Release */,
			);
			defaultConfigurationIsVisible = 0;
			defaultConfigurationName = Release;
		};
		18D47D7420D9E1A70050E197 /* Build configuration list for PBXNativeTarget "Movie" */ = {
			isa = XCConfigurationList;
			buildConfigurations = (
				18D47D7520D9E1A70050E197 /* Debug */,
				18D47D7620D9E1A70050E197 /* Release */,
			);
			defaultConfigurationIsVisible = 0;
			defaultConfigurationName = Release;
		};
/* End XCConfigurationList section */
	};
	rootObject = 18D47D5A20D9E1A50050E197 /* Project object */;
}
